// !$*UTF8*$!
{
	archiveVersion = 1;
	classes = {
	};
	objectVersion = 50;
	objects = {

/* Begin PBXBuildFile section */
		152465302727E17100390225 /* AppDelegate.m in Sources */ = {isa = PBXBuildFile; fileRef = 1524652F2727E17100390225 /* AppDelegate.m */; };
		152465332727E17100390225 /* SceneDelegate.m in Sources */ = {isa = PBXBuildFile; fileRef = 152465322727E17100390225 /* SceneDelegate.m */; };
		152465362727E17100390225 /* ViewController.m in Sources */ = {isa = PBXBuildFile; fileRef = 152465352727E17100390225 /* ViewController.m */; };
		152465392727E17100390225 /* Main.storyboard in Resources */ = {isa = PBXBuildFile; fileRef = 152465372727E17100390225 /* Main.storyboard */; };
		1524653B2727E17300390225 /* Assets.xcassets in Resources */ = {isa = PBXBuildFile; fileRef = 1524653A2727E17300390225 /* Assets.xcassets */; };
		1524653E2727E17300390225 /* LaunchScreen.storyboard in Resources */ = {isa = PBXBuildFile; fileRef = 1524653C2727E17300390225 /* LaunchScreen.storyboard */; };
		152465412727E17300390225 /* main.m in Sources */ = {isa = PBXBuildFile; fileRef = 152465402727E17300390225 /* main.m */; };
		1524654B2727E17400390225 /* AudioDemoTests.m in Sources */ = {isa = PBXBuildFile; fileRef = 1524654A2727E17400390225 /* AudioDemoTests.m */; };
		152465562727E17400390225 /* AudioDemoUITests.m in Sources */ = {isa = PBXBuildFile; fileRef = 152465552727E17400390225 /* AudioDemoUITests.m */; };
/* End PBXBuildFile section */

/* Begin PBXContainerItemProxy section */
		152465472727E17400390225 /* PBXContainerItemProxy */ = {
			isa = PBXContainerItemProxy;
			containerPortal = 152465232727E17100390225 /* Project object */;
			proxyType = 1;
			remoteGlobalIDString = 1524652A2727E17100390225;
			remoteInfo = AudioDemo;
		};
		152465522727E17400390225 /* PBXContainerItemProxy */ = {
			isa = PBXContainerItemProxy;
			containerPortal = 152465232727E17100390225 /* Project object */;
			proxyType = 1;
			remoteGlobalIDString = 1524652A2727E17100390225;
			remoteInfo = AudioDemo;
		};
/* End PBXContainerItemProxy section */

/* Begin PBXFileReference section */
		1524652B2727E17100390225 /* AudioDemo.app */ = {isa = PBXFileReference; explicitFileType = wrapper.application; includeInIndex = 0; path = AudioDemo.app; sourceTree = BUILT_PRODUCTS_DIR; };
		1524652E2727E17100390225 /* AppDelegate.h */ = {isa = PBXFileReference; lastKnownFileType = sourcecode.c.h; path = AppDelegate.h; sourceTree = "<group>"; };
		1524652F2727E17100390225 /* AppDelegate.m */ = {isa = PBXFileReference; lastKnownFileType = sourcecode.c.objc; path = AppDelegate.m; sourceTree = "<group>"; };
		152465312727E17100390225 /* SceneDelegate.h */ = {isa = PBXFileReference; lastKnownFileType = sourcecode.c.h; path = SceneDelegate.h; sourceTree = "<group>"; };
		152465322727E17100390225 /* SceneDelegate.m */ = {isa = PBXFileReference; lastKnownFileType = sourcecode.c.objc; path = SceneDelegate.m; sourceTree = "<group>"; };
		152465342727E17100390225 /* ViewController.h */ = {isa = PBXFileReference; lastKnownFileType = sourcecode.c.h; path = ViewController.h; sourceTree = "<group>"; };
		152465352727E17100390225 /* ViewController.m */ = {isa = PBXFileReference; lastKnownFileType = sourcecode.c.objc; path = ViewController.m; sourceTree = "<group>"; };
		152465382727E17100390225 /* Base */ = {isa = PBXFileReference; lastKnownFileType = file.storyboard; name = Base; path = Base.lproj/Main.storyboard; sourceTree = "<group>"; };
		1524653A2727E17300390225 /* Assets.xcassets */ = {isa = PBXFileReference; lastKnownFileType = folder.assetcatalog; path = Assets.xcassets; sourceTree = "<group>"; };
		1524653D2727E17300390225 /* Base */ = {isa = PBXFileReference; lastKnownFileType = file.storyboard; name = Base; path = Base.lproj/LaunchScreen.storyboard; sourceTree = "<group>"; };
		1524653F2727E17300390225 /* Info.plist */ = {isa = PBXFileReference; lastKnownFileType = text.plist.xml; path = Info.plist; sourceTree = "<group>"; };
		152465402727E17300390225 /* main.m */ = {isa = PBXFileReference; lastKnownFileType = sourcecode.c.objc; path = main.m; sourceTree = "<group>"; };
		152465462727E17400390225 /* AudioDemoTests.xctest */ = {isa = PBXFileReference; explicitFileType = wrapper.cfbundle; includeInIndex = 0; path = AudioDemoTests.xctest; sourceTree = BUILT_PRODUCTS_DIR; };
		1524654A2727E17400390225 /* AudioDemoTests.m */ = {isa = PBXFileReference; lastKnownFileType = sourcecode.c.objc; path = AudioDemoTests.m; sourceTree = "<group>"; };
		1524654C2727E17400390225 /* Info.plist */ = {isa = PBXFileReference; lastKnownFileType = text.plist.xml; path = Info.plist; sourceTree = "<group>"; };
		152465512727E17400390225 /* AudioDemoUITests.xctest */ = {isa = PBXFileReference; explicitFileType = wrapper.cfbundle; includeInIndex = 0; path = AudioDemoUITests.xctest; sourceTree = BUILT_PRODUCTS_DIR; };
		152465552727E17400390225 /* AudioDemoUITests.m */ = {isa = PBXFileReference; lastKnownFileType = sourcecode.c.objc; path = AudioDemoUITests.m; sourceTree = "<group>"; };
		152465572727E17400390225 /* Info.plist */ = {isa = PBXFileReference; lastKnownFileType = text.plist.xml; path = Info.plist; sourceTree = "<group>"; };
/* End PBXFileReference section */

/* Begin PBXFrameworksBuildPhase section */
		152465282727E17100390225 /* Frameworks */ = {
			isa = PBXFrameworksBuildPhase;
			buildActionMask = 2147483647;
			files = (
			);
			runOnlyForDeploymentPostprocessing = 0;
		};
		152465432727E17400390225 /* Frameworks */ = {
			isa = PBXFrameworksBuildPhase;
			buildActionMask = 2147483647;
			files = (
			);
			runOnlyForDeploymentPostprocessing = 0;
		};
		1524654E2727E17400390225 /* Frameworks */ = {
			isa = PBXFrameworksBuildPhase;
			buildActionMask = 2147483647;
			files = (
			);
			runOnlyForDeploymentPostprocessing = 0;
		};
/* End PBXFrameworksBuildPhase section */

/* Begin PBXGroup section */
		152465222727E17100390225 = {
			isa = PBXGroup;
			children = (
				1524652D2727E17100390225 /* AudioDemo */,
				152465492727E17400390225 /* AudioDemoTests */,
				152465542727E17400390225 /* AudioDemoUITests */,
				1524652C2727E17100390225 /* Products */,
			);
			sourceTree = "<group>";
		};
		1524652C2727E17100390225 /* Products */ = {
			isa = PBXGroup;
			children = (
				1524652B2727E17100390225 /* AudioDemo.app */,
				152465462727E17400390225 /* AudioDemoTests.xctest */,
				152465512727E17400390225 /* AudioDemoUITests.xctest */,
			);
			name = Products;
			sourceTree = "<group>";
		};
		1524652D2727E17100390225 /* AudioDemo */ = {
			isa = PBXGroup;
			children = (
				1524652E2727E17100390225 /* AppDelegate.h */,
				1524652F2727E17100390225 /* AppDelegate.m */,
				152465312727E17100390225 /* SceneDelegate.h */,
				152465322727E17100390225 /* SceneDelegate.m */,
				152465342727E17100390225 /* ViewController.h */,
				152465352727E17100390225 /* ViewController.m */,
				152465372727E17100390225 /* Main.storyboard */,
				1524653A2727E17300390225 /* Assets.xcassets */,
				1524653C2727E17300390225 /* LaunchScreen.storyboard */,
				1524653F2727E17300390225 /* Info.plist */,
				152465402727E17300390225 /* main.m */,
			);
			path = AudioDemo;
			sourceTree = "<group>";
		};
		152465492727E17400390225 /* AudioDemoTests */ = {
			isa = PBXGroup;
			children = (
				1524654A2727E17400390225 /* AudioDemoTests.m */,
				1524654C2727E17400390225 /* Info.plist */,
			);
			path = AudioDemoTests;
			sourceTree = "<group>";
		};
		152465542727E17400390225 /* AudioDemoUITests */ = {
			isa = PBXGroup;
			children = (
				152465552727E17400390225 /* AudioDemoUITests.m */,
				152465572727E17400390225 /* Info.plist */,
			);
			path = AudioDemoUITests;
			sourceTree = "<group>";
		};
/* End PBXGroup section */

/* Begin PBXNativeTarget section */
		1524652A2727E17100390225 /* AudioDemo */ = {
			isa = PBXNativeTarget;
			buildConfigurationList = 1524655A2727E17400390225 /* Build configuration list for PBXNativeTarget "AudioDemo" */;
			buildPhases = (
				152465272727E17100390225 /* Sources */,
				152465282727E17100390225 /* Frameworks */,
				152465292727E17100390225 /* Resources */,
			);
			buildRules = (
			);
			dependencies = (
			);
			name = AudioDemo;
			productName = AudioDemo;
			productReference = 1524652B2727E17100390225 /* AudioDemo.app */;
			productType = "com.apple.product-type.application";
		};
		152465452727E17400390225 /* AudioDemoTests */ = {
			isa = PBXNativeTarget;
			buildConfigurationList = 1524655D2727E17400390225 /* Build configuration list for PBXNativeTarget "AudioDemoTests" */;
			buildPhases = (
				152465422727E17400390225 /* Sources */,
				152465432727E17400390225 /* Frameworks */,
				152465442727E17400390225 /* Resources */,
			);
			buildRules = (
			);
			dependencies = (
				152465482727E17400390225 /* PBXTargetDependency */,
			);
			name = AudioDemoTests;
			productName = AudioDemoTests;
			productReference = 152465462727E17400390225 /* AudioDemoTests.xctest */;
			productType = "com.apple.product-type.bundle.unit-test";
		};
		152465502727E17400390225 /* AudioDemoUITests */ = {
			isa = PBXNativeTarget;
			buildConfigurationList = 152465602727E17400390225 /* Build configuration list for PBXNativeTarget "AudioDemoUITests" */;
			buildPhases = (
				1524654D2727E17400390225 /* Sources */,
				1524654E2727E17400390225 /* Frameworks */,
				1524654F2727E17400390225 /* Resources */,
			);
			buildRules = (
			);
			dependencies = (
				152465532727E17400390225 /* PBXTargetDependency */,
			);
			name = AudioDemoUITests;
			productName = AudioDemoUITests;
			productReference = 152465512727E17400390225 /* AudioDemoUITests.xctest */;
			productType = "com.apple.product-type.bundle.ui-testing";
		};
/* End PBXNativeTarget section */

/* Begin PBXProject section */
		152465232727E17100390225 /* Project object */ = {
			isa = PBXProject;
			attributes = {
				LastUpgradeCheck = 1230;
				TargetAttributes = {
					1524652A2727E17100390225 = {
						CreatedOnToolsVersion = 12.3;
					};
					152465452727E17400390225 = {
						CreatedOnToolsVersion = 12.3;
						TestTargetID = 1524652A2727E17100390225;
					};
					152465502727E17400390225 = {
						CreatedOnToolsVersion = 12.3;
						TestTargetID = 1524652A2727E17100390225;
					};
				};
			};
			buildConfigurationList = 152465262727E17100390225 /* Build configuration list for PBXProject "AudioDemo" */;
			compatibilityVersion = "Xcode 9.3";
			developmentRegion = en;
			hasScannedForEncodings = 0;
			knownRegions = (
				en,
				Base,
			);
			mainGroup = 152465222727E17100390225;
			productRefGroup = 1524652C2727E17100390225 /* Products */;
			projectDirPath = "";
			projectRoot = "";
			targets = (
				1524652A2727E17100390225 /* AudioDemo */,
				152465452727E17400390225 /* AudioDemoTests */,
				152465502727E17400390225 /* AudioDemoUITests */,
			);
		};
/* End PBXProject section */

/* Begin PBXResourcesBuildPhase section */
		152465292727E17100390225 /* Resources */ = {
			isa = PBXResourcesBuildPhase;
			buildActionMask = 2147483647;
			files = (
				1524653E2727E17300390225 /* LaunchScreen.storyboard in Resources */,
				1524653B2727E17300390225 /* Assets.xcassets in Resources */,
				152465392727E17100390225 /* Main.storyboard in Resources */,
			);
			runOnlyForDeploymentPostprocessing = 0;
		};
		152465442727E17400390225 /* Resources */ = {
			isa = PBXResourcesBuildPhase;
			buildActionMask = 2147483647;
			files = (
			);
			runOnlyForDeploymentPostprocessing = 0;
		};
		1524654F2727E17400390225 /* Resources */ = {
			isa = PBXResourcesBuildPhase;
			buildActionMask = 2147483647;
			files = (
			);
			runOnlyForDeploymentPostprocessing = 0;
		};
/* End PBXResourcesBuildPhase section */

/* Begin PBXSourcesBuildPhase section */
		152465272727E17100390225 /* Sources */ = {
			isa = PBXSourcesBuildPhase;
			buildActionMask = 2147483647;
			files = (
				152465362727E17100390225 /* ViewController.m in Sources */,
				152465302727E17100390225 /* AppDelegate.m in Sources */,
				152465412727E17300390225 /* main.m in Sources */,
				152465332727E17100390225 /* SceneDelegate.m in Sources */,
			);
			runOnlyForDeploymentPostprocessing = 0;
		};
		152465422727E17400390225 /* Sources */ = {
			isa = PBXSourcesBuildPhase;
			buildActionMask = 2147483647;
			files = (
				1524654B2727E17400390225 /* AudioDemoTests.m in Sources */,
			);
			runOnlyForDeploymentPostprocessing = 0;
		};
		1524654D2727E17400390225 /* Sources */ = {
			isa = PBXSourcesBuildPhase;
			buildActionMask = 2147483647;
			files = (
				152465562727E17400390225 /* AudioDemoUITests.m in Sources */,
			);
			runOnlyForDeploymentPostprocessing = 0;
		};
/* End PBXSourcesBuildPhase section */

/* Begin PBXTargetDependency section */
		152465482727E17400390225 /* PBXTargetDependency */ = {
			isa = PBXTargetDependency;
			target = 1524652A2727E17100390225 /* AudioDemo */;
			targetProxy = 152465472727E17400390225 /* PBXContainerItemProxy */;
		};
		152465532727E17400390225 /* PBXTargetDependency */ = {
			isa = PBXTargetDependency;
			target = 1524652A2727E17100390225 /* AudioDemo */;
			targetProxy = 152465522727E17400390225 /* PBXContainerItemProxy */;
		};
/* End PBXTargetDependency section */

/* Begin PBXVariantGroup section */
		152465372727E17100390225 /* Main.storyboard */ = {
			isa = PBXVariantGroup;
			children = (
				152465382727E17100390225 /* Base */,
			);
			name = Main.storyboard;
			sourceTree = "<group>";
		};
		1524653C2727E17300390225 /* LaunchScreen.storyboard */ = {
			isa = PBXVariantGroup;
			children = (
				1524653D2727E17300390225 /* Base */,
			);
			name = LaunchScreen.storyboard;
			sourceTree = "<group>";
		};
/* End PBXVariantGroup section */

/* Begin XCBuildConfiguration section */
		152465582727E17400390225 /* Debug */ = {
			isa = XCBuildConfiguration;
			buildSettings = {
				ALWAYS_SEARCH_USER_PATHS = NO;
				CLANG_ANALYZER_NONNULL = YES;
				CLANG_ANALYZER_NUMBER_OBJECT_CONVERSION = YES_AGGRESSIVE;
				CLANG_CXX_LANGUAGE_STANDARD = "gnu++14";
				CLANG_CXX_LIBRARY = "libc++";
				CLANG_ENABLE_MODULES = YES;
				CLANG_ENABLE_OBJC_ARC = YES;
				CLANG_ENABLE_OBJC_WEAK = YES;
				CLANG_WARN_BLOCK_CAPTURE_AUTORELEASING = YES;
				CLANG_WARN_BOOL_CONVERSION = YES;
				CLANG_WARN_COMMA = YES;
				CLANG_WARN_CONSTANT_CONVERSION = YES;
				CLANG_WARN_DEPRECATED_OBJC_IMPLEMENTATIONS = YES;
				CLANG_WARN_DIRECT_OBJC_ISA_USAGE = YES_ERROR;
				CLANG_WARN_DOCUMENTATION_COMMENTS = YES;
				CLANG_WARN_EMPTY_BODY = YES;
				CLANG_WARN_ENUM_CONVERSION = YES;
				CLANG_WARN_INFINITE_RECURSION = YES;
				CLANG_WARN_INT_CONVERSION = YES;
				CLANG_WARN_NON_LITERAL_NULL_CONVERSION = YES;
				CLANG_WARN_OBJC_IMPLICIT_RETAIN_SELF = YES;
				CLANG_WARN_OBJC_LITERAL_CONVERSION = YES;
				CLANG_WARN_OBJC_ROOT_CLASS = YES_ERROR;
				CLANG_WARN_QUOTED_INCLUDE_IN_FRAMEWORK_HEADER = YES;
				CLANG_WARN_RANGE_LOOP_ANALYSIS = YES;
				CLANG_WARN_STRICT_PROTOTYPES = YES;
				CLANG_WARN_SUSPICIOUS_MOVE = YES;
				CLANG_WARN_UNGUARDED_AVAILABILITY = YES_AGGRESSIVE;
				CLANG_WARN_UNREACHABLE_CODE = YES;
				CLANG_WARN__DUPLICATE_METHOD_MATCH = YES;
				COPY_PHASE_STRIP = NO;
				DEBUG_INFORMATION_FORMAT = dwarf;
				ENABLE_STRICT_OBJC_MSGSEND = YES;
				ENABLE_TESTABILITY = YES;
				GCC_C_LANGUAGE_STANDARD = gnu11;
				GCC_DYNAMIC_NO_PIC = NO;
				GCC_NO_COMMON_BLOCKS = YES;
				GCC_OPTIMIZATION_LEVEL = 0;
				GCC_PREPROCESSOR_DEFINITIONS = (
					"DEBUG=1",
					"$(inherited)",
				);
				GCC_WARN_64_TO_32_BIT_CONVERSION = YES;
				GCC_WARN_ABOUT_RETURN_TYPE = YES_ERROR;
				GCC_WARN_UNDECLARED_SELECTOR = YES;
				GCC_WARN_UNINITIALIZED_AUTOS = YES_AGGRESSIVE;
				GCC_WARN_UNUSED_FUNCTION = YES;
				GCC_WARN_UNUSED_VARIABLE = YES;
				IPHONEOS_DEPLOYMENT_TARGET = 14.3;
				MTL_ENABLE_DEBUG_INFO = INCLUDE_SOURCE;
				MTL_FAST_MATH = YES;
				ONLY_ACTIVE_ARCH = YES;
				SDKROOT = iphoneos;
			};
			name = Debug;
		};
		152465592727E17400390225 /* Release */ = {
			isa = XCBuildConfiguration;
			buildSettings = {
				ALWAYS_SEARCH_USER_PATHS = NO;
				CLANG_ANALYZER_NONNULL = YES;
				CLANG_ANALYZER_NUMBER_OBJECT_CONVERSION = YES_AGGRESSIVE;
				CLANG_CXX_LANGUAGE_STANDARD = "gnu++14";
				CLANG_CXX_LIBRARY = "libc++";
				CLANG_ENABLE_MODULES = YES;
				CLANG_ENABLE_OBJC_ARC = YES;
				CLANG_ENABLE_OBJC_WEAK = YES;
				CLANG_WARN_BLOCK_CAPTURE_AUTORELEASING = YES;
				CLANG_WARN_BOOL_CONVERSION = YES;
				CLANG_WARN_COMMA = YES;
				CLANG_WARN_CONSTANT_CONVERSION = YES;
				CLANG_WARN_DEPRECATED_OBJC_IMPLEMENTATIONS = YES;
				CLANG_WARN_DIRECT_OBJC_ISA_USAGE = YES_ERROR;
				CLANG_WARN_DOCUMENTATION_COMMENTS = YES;
				CLANG_WARN_EMPTY_BODY = YES;
				CLANG_WARN_ENUM_CONVERSION = YES;
				CLANG_WARN_INFINITE_RECURSION = YES;
				CLANG_WARN_INT_CONVERSION = YES;
				CLANG_WARN_NON_LITERAL_NULL_CONVERSION = YES;
				CLANG_WARN_OBJC_IMPLICIT_RETAIN_SELF = YES;
				CLANG_WARN_OBJC_LITERAL_CONVERSION = YES;
				CLANG_WARN_OBJC_ROOT_CLASS = YES_ERROR;
				CLANG_WARN_QUOTED_INCLUDE_IN_FRAMEWORK_HEADER = YES;
				CLANG_WARN_RANGE_LOOP_ANALYSIS = YES;
				CLANG_WARN_STRICT_PROTOTYPES = YES;
				CLANG_WARN_SUSPICIOUS_MOVE = YES;
				CLANG_WARN_UNGUARDED_AVAILABILITY = YES_AGGRESSIVE;
				CLANG_WARN_UNREACHABLE_CODE = YES;
				CLANG_WARN__DUPLICATE_METHOD_MATCH = YES;
				COPY_PHASE_STRIP = NO;
				DEBUG_INFORMATION_FORMAT = "dwarf-with-dsym";
				ENABLE_NS_ASSERTIONS = NO;
				ENABLE_STRICT_OBJC_MSGSEND = YES;
				GCC_C_LANGUAGE_STANDARD = gnu11;
				GCC_NO_COMMON_BLOCKS = YES;
				GCC_WARN_64_TO_32_BIT_CONVERSION = YES;
				GCC_WARN_ABOUT_RETURN_TYPE = YES_ERROR;
				GCC_WARN_UNDECLARED_SELECTOR = YES;
				GCC_WARN_UNINITIALIZED_AUTOS = YES_AGGRESSIVE;
				GCC_WARN_UNUSED_FUNCTION = YES;
				GCC_WARN_UNUSED_VARIABLE = YES;
				IPHONEOS_DEPLOYMENT_TARGET = 14.3;
				MTL_ENABLE_DEBUG_INFO = NO;
				MTL_FAST_MATH = YES;
				SDKROOT = iphoneos;
				VALIDATE_PRODUCT = YES;
			};
			name = Release;
		};
		1524655B2727E17400390225 /* Debug */ = {
			isa = XCBuildConfiguration;
			buildSettings = {
				ASSETCATALOG_COMPILER_APPICON_NAME = AppIcon;
				ASSETCATALOG_COMPILER_GLOBAL_ACCENT_COLOR_NAME = AccentColor;
				CODE_SIGN_STYLE = Automatic;
				DEVELOPMENT_TEAM = 4V63DMZ57Y;
				INFOPLIST_FILE = AudioDemo/Info.plist;
				LD_RUNPATH_SEARCH_PATHS = (
					"$(inherited)",
					"@executable_path/Frameworks",
				);
				PRODUCT_BUNDLE_IDENTIFIER = com.pingwang.AudioDemo;
				PRODUCT_NAME = "$(TARGET_NAME)";
				TARGETED_DEVICE_FAMILY = "1,2";
			};
			name = Debug;
		};
		1524655C2727E17400390225 /* Release */ = {
			isa = XCBuildConfiguration;
			buildSettings = {
				ASSETCATALOG_COMPILER_APPICON_NAME = AppIcon;
				ASSETCATALOG_COMPILER_GLOBAL_ACCENT_COLOR_NAME = AccentColor;
				CODE_SIGN_STYLE = Automatic;
				DEVELOPMENT_TEAM = 4V63DMZ57Y;
				INFOPLIST_FILE = AudioDemo/Info.plist;
				LD_RUNPATH_SEARCH_PATHS = (
					"$(inherited)",
					"@executable_path/Frameworks",
				);
				PRODUCT_BUNDLE_IDENTIFIER = com.pingwang.AudioDemo;
				PRODUCT_NAME = "$(TARGET_NAME)";
				TARGETED_DEVICE_FAMILY = "1,2";
			};
			name = Release;
		};
		1524655E2727E17400390225 /* Debug */ = {
			isa = XCBuildConfiguration;
			buildSettings = {
				BUNDLE_LOADER = "$(TEST_HOST)";
				CODE_SIGN_STYLE = Automatic;
				DEVELOPMENT_TEAM = 4V63DMZ57Y;
				INFOPLIST_FILE = AudioDemoTests/Info.plist;
				IPHONEOS_DEPLOYMENT_TARGET = 14.3;
				LD_RUNPATH_SEARCH_PATHS = (
					"$(inherited)",
					"@executable_path/Frameworks",
					"@loader_path/Frameworks",
				);
				PRODUCT_BUNDLE_IDENTIFIER = com.pingwang.AudioDemoTests;
				PRODUCT_NAME = "$(TARGET_NAME)";
				TARGETED_DEVICE_FAMILY = "1,2";
				TEST_HOST = "$(BUILT_PRODUCTS_DIR)/AudioDemo.app/AudioDemo";
			};
			name = Debug;
		};
		1524655F2727E17400390225 /* Release */ = {
			isa = XCBuildConfiguration;
			buildSettings = {
				BUNDLE_LOADER = "$(TEST_HOST)";
				CODE_SIGN_STYLE = Automatic;
				DEVELOPMENT_TEAM = 4V63DMZ57Y;
				INFOPLIST_FILE = AudioDemoTests/Info.plist;
				IPHONEOS_DEPLOYMENT_TARGET = 14.3;
				LD_RUNPATH_SEARCH_PATHS = (
					"$(inherited)",
					"@executable_path/Frameworks",
					"@loader_path/Frameworks",
				);
				PRODUCT_BUNDLE_IDENTIFIER = com.pingwang.AudioDemoTests;
				PRODUCT_NAME = "$(TARGET_NAME)";
				TARGETED_DEVICE_FAMILY = "1,2";
				TEST_HOST = "$(BUILT_PRODUCTS_DIR)/AudioDemo.app/AudioDemo";
			};
			name = Release;
		};
		152465612727E17400390225 /* Debug */ = {
			isa = XCBuildConfiguration;
			buildSettings = {
				CODE_SIGN_STYLE = Automatic;
				DEVELOPMENT_TEAM = 4V63DMZ57Y;
				INFOPLIST_FILE = AudioDemoUITests/Info.plist;
				LD_RUNPATH_SEARCH_PATHS = (
					"$(inherited)",
					"@executable_path/Frameworks",
					"@loader_path/Frameworks",
				);
				PRODUCT_BUNDLE_IDENTIFIER = com.pingwang.AudioDemoUITests;
				PRODUCT_NAME = "$(TARGET_NAME)";
				TARGETED_DEVICE_FAMILY = "1,2";
				TEST_TARGET_NAME = AudioDemo;
			};
			name = Debug;
		};
		152465622727E17400390225 /* Release */ = {
			isa = XCBuildConfiguration;
			buildSettings = {
				CODE_SIGN_STYLE = Automatic;
				DEVELOPMENT_TEAM = 4V63DMZ57Y;
				INFOPLIST_FILE = AudioDemoUITests/Info.plist;
				LD_RUNPATH_SEARCH_PATHS = (
					"$(inherited)",
					"@executable_path/Frameworks",
					"@loader_path/Frameworks",
				);
				PRODUCT_BUNDLE_IDENTIFIER = com.pingwang.AudioDemoUITests;
				PRODUCT_NAME = "$(TARGET_NAME)";
				TARGETED_DEVICE_FAMILY = "1,2";
				TEST_TARGET_NAME = AudioDemo;
			};
			name = Release;
		};
/* End XCBuildConfiguration section */

/* Begin XCConfigurationList section */
		152465262727E17100390225 /* Build configuration list for PBXProject "AudioDemo" */ = {
			isa = XCConfigurationList;
			buildConfigurations = (
				152465582727E17400390225 /* Debug */,
				152465592727E17400390225 /* Release */,
			);
			defaultConfigurationIsVisible = 0;
			defaultConfigurationName = Release;
		};
		1524655A2727E17400390225 /* Build configuration list for PBXNativeTarget "AudioDemo" */ = {
			isa = XCConfigurationList;
			buildConfigurations = (
				1524655B2727E17400390225 /* Debug */,
				1524655C2727E17400390225 /* Release */,
			);
			defaultConfigurationIsVisible = 0;
			defaultConfigurationName = Release;
		};
		1524655D2727E17400390225 /* Build configuration list for PBXNativeTarget "AudioDemoTests" */ = {
			isa = XCConfigurationList;
			buildConfigurations = (
				1524655E2727E17400390225 /* Debug */,
				1524655F2727E17400390225 /* Release */,
			);
			defaultConfigurationIsVisible = 0;
			defaultConfigurationName = Release;
		};
		152465602727E17400390225 /* Build configuration list for PBXNativeTarget "AudioDemoUITests" */ = {
			isa = XCConfigurationList;
			buildConfigurations = (
				152465612727E17400390225 /* Debug */,
				152465622727E17400390225 /* Release */,
			);
			defaultConfigurationIsVisible = 0;
			defaultConfigurationName = Release;
		};
/* End XCConfigurationList section */
	};
	rootObject = 152465232727E17100390225 /* Project object */;
}
